
Microsoft Visual Studio Solution File, Format Version 12.00
Project("{FAE04EC0-301F-11D3-BF4B-00C04F79EFBC}") = "Interface", "Interface\Interface.csproj", "{176015A9-F542-4A27-84C9-18FA81645BDA}"
EndProject
Project("{FAE04EC0-301F-11D3-BF4B-00C04F79EFBC}") = "Database", "Database\Database.csproj", "{2536389E-B77B-45B0-B4EA-1486EC56CBB5}"
EndProject
Project("{FAE04EC0-301F-11D3-BF4B-00C04F79EFBC}") = "InteractionLogic", "InteractionLogic\InteractionLogic.csproj", "{AB1CF837-5C62-446C-A7AC-300A461F96B7}"
EndProject
Project("{FAE04EC0-301F-11D3-BF4B-00C04F79EFBC}") = "Testing", "Testing\Testing.csproj", "{54CD383F-FA68-40D3-840A-7C6E98FB806B}"
EndProject
Global
	GlobalSection(SolutionConfigurationPlatforms) = preSolution
		Debug|Any CPU = Debug|Any CPU
		Release|Any CPU = Release|Any CPU
	EndGlobalSection
	GlobalSection(ProjectConfigurationPlatforms) = postSolution
		{176015A9-F542-4A27-84C9-18FA81645BDA}.Debug|Any CPU.ActiveCfg = Debug|Any CPU
		{176015A9-F542-4A27-84C9-18FA81645BDA}.Debug|Any CPU.Build.0 = Debug|Any CPU
		{176015A9-F542-4A27-84C9-18FA81645BDA}.Release|Any CPU.ActiveCfg = Release|Any CPU
		{176015A9-F542-4A27-84C9-18FA81645BDA}.Release|Any CPU.Build.0 = Release|Any CPU
		{2536389E-B77B-45B0-B4EA-1486EC56CBB5}.Debug|Any CPU.ActiveCfg = Debug|Any CPU
		{2536389E-B77B-45B0-B4EA-1486EC56CBB5}.Debug|Any CPU.Build.0 = Debug|Any CPU
		{2536389E-B77B-45B0-B4EA-1486EC56CBB5}.Release|Any CPU.ActiveCfg = Release|Any CPU
		{2536389E-B77B-45B0-B4EA-1486EC56CBB5}.Release|Any CPU.Build.0 = Release|Any CPU
		{AB1CF837-5C62-446C-A7AC-300A461F96B7}.Debug|Any CPU.ActiveCfg = Debug|Any CPU
		{AB1CF837-5C62-446C-A7AC-300A461F96B7}.Debug|Any CPU.Build.0 = Debug|Any CPU
		{AB1CF837-5C62-446C-A7AC-300A461F96B7}.Release|Any CPU.ActiveCfg = Release|Any CPU
		{AB1CF837-5C62-446C-A7AC-300A461F96B7}.Release|Any CPU.Build.0 = Release|Any CPU
		{54CD383F-FA68-40D3-840A-7C6E98FB806B}.Debug|Any CPU.ActiveCfg = Debug|Any CPU
		{54CD383F-FA68-40D3-840A-7C6E98FB806B}.Debug|Any CPU.Build.0 = Debug|Any CPU
		{54CD383F-FA68-40D3-840A-7C6E98FB806B}.Release|Any CPU.ActiveCfg = Release|Any CPU
		{54CD383F-FA68-40D3-840A-7C6E98FB806B}.Release|Any CPU.Build.0 = Release|Any CPU
	EndGlobalSection
EndGlobal
